
Microsoft Visual Studio Solution File, Format Version 12.00
# Visual Studio Version 17
VisualStudioVersion = 17.13.35818.85
MinimumVisualStudioVersion = 10.0.40219.1
Project("{FAE04EC0-301F-11D3-BF4B-00C04F79EFBC}") = "Day2", "Day2\Day2.csproj", "{5857C013-F7F9-4743-B88D-8A3FCA4FACBD}"
EndProject
Project("{FAE04EC0-301F-11D3-BF4B-00C04F79EFBC}") = "Day1", "Day1\Day1.csproj", "{66801BA3-C76F-D404-9B01-79D62F8A46FC}"
EndProject
Project("{FAE04EC0-301F-11D3-BF4B-00C04F79EFBC}") = "Day3", "Day3\Day3.csproj", "{3D342B57-7846-4AFE-8BC8-C04B1A4FBAFE}"
EndProject
Global
	GlobalSection(SolutionConfigurationPlatforms) = preSolution
		Debug|Any CPU = Debug|Any CPU
		Release|Any CPU = Release|Any CPU
	EndGlobalSection
	GlobalSection(ProjectConfigurationPlatforms) = postSolution
		{5857C013-F7F9-4743-B88D-8A3FCA4FACBD}.Debug|Any CPU.ActiveCfg = Debug|Any CPU
		{5857C013-F7F9-4743-B88D-8A3FCA4FACBD}.Debug|Any CPU.Build.0 = Debug|Any CPU
		{5857C013-F7F9-4743-B88D-8A3FCA4FACBD}.Release|Any CPU.ActiveCfg = Release|Any CPU
		{5857C013-F7F9-4743-B88D-8A3FCA4FACBD}.Release|Any CPU.Build.0 = Release|Any CPU
		{66801BA3-C76F-D404-9B01-79D62F8A46FC}.Debug|Any CPU.ActiveCfg = Debug|Any CPU
		{66801BA3-C76F-D404-9B01-79D62F8A46FC}.Debug|Any CPU.Build.0 = Debug|Any CPU
		{66801BA3-C76F-D404-9B01-79D62F8A46FC}.Release|Any CPU.ActiveCfg = Release|Any CPU
		{66801BA3-C76F-D404-9B01-79D62F8A46FC}.Release|Any CPU.Build.0 = Release|Any CPU
		{3D342B57-7846-4AFE-8BC8-C04B1A4FBAFE}.Debug|Any CPU.ActiveCfg = Debug|Any CPU
		{3D342B57-7846-4AFE-8BC8-C04B1A4FBAFE}.Debug|Any CPU.Build.0 = Debug|Any CPU
		{3D342B57-7846-4AFE-8BC8-C04B1A4FBAFE}.Release|Any CPU.ActiveCfg = Release|Any CPU
		{3D342B57-7846-4AFE-8BC8-C04B1A4FBAFE}.Release|Any CPU.Build.0 = Release|Any CPU
	EndGlobalSection
	GlobalSection(SolutionProperties) = preSolution
		HideSolutionNode = FALSE
	EndGlobalSection
	GlobalSection(ExtensibilityGlobals) = postSolution
		SolutionGuid = {00C83449-6C2D-4EDA-915B-08BED678D4A0}
	EndGlobalSection
EndGlobal
